// !$*UTF8*$!
{
	archiveVersion = 1;
	classes = {
	};
	objectVersion = 46;
	objects = {

/* Begin PBXBuildFile section */
		A62FE76D18AE0A3100F12E3A /* Foundation.framework in Frameworks */ = {isa = PBXBuildFile; fileRef = A62FE76C18AE0A3100F12E3A /* Foundation.framework */; };
		A62FE76F18AE0A3100F12E3A /* CoreGraphics.framework in Frameworks */ = {isa = PBXBuildFile; fileRef = A62FE76E18AE0A3100F12E3A /* CoreGraphics.framework */; };
		A62FE77118AE0A3100F12E3A /* UIKit.framework in Frameworks */ = {isa = PBXBuildFile; fileRef = A62FE77018AE0A3100F12E3A /* UIKit.framework */; };
		A62FE77718AE0A3100F12E3A /* InfoPlist.strings in Resources */ = {isa = PBXBuildFile; fileRef = A62FE77518AE0A3100F12E3A /* InfoPlist.strings */; };
		A62FE77918AE0A3100F12E3A /* main.m in Sources */ = {isa = PBXBuildFile; fileRef = A62FE77818AE0A3100F12E3A /* main.m */; };
		A62FE77D18AE0A3100F12E3A /* KXAppDelegate.m in Sources */ = {isa = PBXBuildFile; fileRef = A62FE77C18AE0A3100F12E3A /* KXAppDelegate.m */; };
		A62FE77F18AE0A3100F12E3A /* Images.xcassets in Resources */ = {isa = PBXBuildFile; fileRef = A62FE77E18AE0A3100F12E3A /* Images.xcassets */; };
		A62FE78618AE0A3100F12E3A /* XCTest.framework in Frameworks */ = {isa = PBXBuildFile; fileRef = A62FE78518AE0A3100F12E3A /* XCTest.framework */; };
		A62FE78718AE0A3100F12E3A /* Foundation.framework in Frameworks */ = {isa = PBXBuildFile; fileRef = A62FE76C18AE0A3100F12E3A /* Foundation.framework */; };
		A62FE78818AE0A3100F12E3A /* UIKit.framework in Frameworks */ = {isa = PBXBuildFile; fileRef = A62FE77018AE0A3100F12E3A /* UIKit.framework */; };
		A62FE79018AE0A3100F12E3A /* InfoPlist.strings in Resources */ = {isa = PBXBuildFile; fileRef = A62FE78E18AE0A3100F12E3A /* InfoPlist.strings */; };
		A62FE79218AE0A3100F12E3A /* KXCollectionTests.m in Sources */ = {isa = PBXBuildFile; fileRef = A62FE79118AE0A3100F12E3A /* KXCollectionTests.m */; };
		A62FE79F18AE0A6800F12E3A /* KXCollection.m in Sources */ = {isa = PBXBuildFile; fileRef = A62FE79D18AE0A6800F12E3A /* KXCollection.m */; };
/* End PBXBuildFile section */

/* Begin PBXContainerItemProxy section */
		A62FE78918AE0A3100F12E3A /* PBXContainerItemProxy */ = {
			isa = PBXContainerItemProxy;
			containerPortal = A62FE76118AE0A3100F12E3A /* Project object */;
			proxyType = 1;
			remoteGlobalIDString = A62FE76818AE0A3100F12E3A;
			remoteInfo = KXCollection;
		};
/* End PBXContainerItemProxy section */

/* Begin PBXFileReference section */
		A62FE76918AE0A3100F12E3A /* KXCollection.app */ = {isa = PBXFileReference; explicitFileType = wrapper.application; includeInIndex = 0; path = KXCollection.app; sourceTree = BUILT_PRODUCTS_DIR; };
		A62FE76C18AE0A3100F12E3A /* Foundation.framework */ = {isa = PBXFileReference; lastKnownFileType = wrapper.framework; name = Foundation.framework; path = System/Library/Frameworks/Foundation.framework; sourceTree = SDKROOT; };
		A62FE76E18AE0A3100F12E3A /* CoreGraphics.framework */ = {isa = PBXFileReference; lastKnownFileType = wrapper.framework; name = CoreGraphics.framework; path = System/Library/Frameworks/CoreGraphics.framework; sourceTree = SDKROOT; };
		A62FE77018AE0A3100F12E3A /* UIKit.framework */ = {isa = PBXFileReference; lastKnownFileType = wrapper.framework; name = UIKit.framework; path = System/Library/Frameworks/UIKit.framework; sourceTree = SDKROOT; };
		A62FE77418AE0A3100F12E3A /* KXCollection-Info.plist */ = {isa = PBXFileReference; lastKnownFileType = text.plist.xml; path = "KXCollection-Info.plist"; sourceTree = "<group>"; };
		A62FE77618AE0A3100F12E3A /* en */ = {isa = PBXFileReference; lastKnownFileType = text.plist.strings; name = en; path = en.lproj/InfoPlist.strings; sourceTree = "<group>"; };
		A62FE77818AE0A3100F12E3A /* main.m */ = {isa = PBXFileReference; lastKnownFileType = sourcecode.c.objc; path = main.m; sourceTree = "<group>"; };
		A62FE77A18AE0A3100F12E3A /* KXCollection-Prefix.pch */ = {isa = PBXFileReference; lastKnownFileType = sourcecode.c.h; path = "KXCollection-Prefix.pch"; sourceTree = "<group>"; };
		A62FE77B18AE0A3100F12E3A /* KXAppDelegate.h */ = {isa = PBXFileReference; lastKnownFileType = sourcecode.c.h; path = KXAppDelegate.h; sourceTree = "<group>"; };
		A62FE77C18AE0A3100F12E3A /* KXAppDelegate.m */ = {isa = PBXFileReference; lastKnownFileType = sourcecode.c.objc; path = KXAppDelegate.m; sourceTree = "<group>"; };
		A62FE77E18AE0A3100F12E3A /* Images.xcassets */ = {isa = PBXFileReference; lastKnownFileType = folder.assetcatalog; path = Images.xcassets; sourceTree = "<group>"; };
		A62FE78418AE0A3100F12E3A /* KXCollectionTests.xctest */ = {isa = PBXFileReference; explicitFileType = wrapper.cfbundle; includeInIndex = 0; path = KXCollectionTests.xctest; sourceTree = BUILT_PRODUCTS_DIR; };
		A62FE78518AE0A3100F12E3A /* XCTest.framework */ = {isa = PBXFileReference; lastKnownFileType = wrapper.framework; name = XCTest.framework; path = Library/Frameworks/XCTest.framework; sourceTree = DEVELOPER_DIR; };
		A62FE78D18AE0A3100F12E3A /* KXCollectionTests-Info.plist */ = {isa = PBXFileReference; lastKnownFileType = text.plist.xml; path = "KXCollectionTests-Info.plist"; sourceTree = "<group>"; };
		A62FE78F18AE0A3100F12E3A /* en */ = {isa = PBXFileReference; lastKnownFileType = text.plist.strings; name = en; path = en.lproj/InfoPlist.strings; sourceTree = "<group>"; };
		A62FE79118AE0A3100F12E3A /* KXCollectionTests.m */ = {isa = PBXFileReference; lastKnownFileType = sourcecode.c.objc; path = KXCollectionTests.m; sourceTree = "<group>"; };
		A62FE79C18AE0A6800F12E3A /* KXCollection.h */ = {isa = PBXFileReference; fileEncoding = 4; lastKnownFileType = sourcecode.c.h; path = KXCollection.h; sourceTree = "<group>"; };
		A62FE79D18AE0A6800F12E3A /* KXCollection.m */ = {isa = PBXFileReference; fileEncoding = 4; lastKnownFileType = sourcecode.c.objc; path = KXCollection.m; sourceTree = "<group>"; };
		A62FE79E18AE0A6800F12E3A /* NSOrderedSetAspect.h */ = {isa = PBXFileReference; fileEncoding = 4; lastKnownFileType = sourcecode.c.h; path = NSOrderedSetAspect.h; sourceTree = "<group>"; };
/* End PBXFileReference section */

/* Begin PBXFrameworksBuildPhase section */
		A62FE76618AE0A3100F12E3A /* Frameworks */ = {
			isa = PBXFrameworksBuildPhase;
			buildActionMask = 2147483647;
			files = (
				A62FE76F18AE0A3100F12E3A /* CoreGraphics.framework in Frameworks */,
				A62FE77118AE0A3100F12E3A /* UIKit.framework in Frameworks */,
				A62FE76D18AE0A3100F12E3A /* Foundation.framework in Frameworks */,
			);
			runOnlyForDeploymentPostprocessing = 0;
		};
		A62FE78118AE0A3100F12E3A /* Frameworks */ = {
			isa = PBXFrameworksBuildPhase;
			buildActionMask = 2147483647;
			files = (
				A62FE78618AE0A3100F12E3A /* XCTest.framework in Frameworks */,
				A62FE78818AE0A3100F12E3A /* UIKit.framework in Frameworks */,
				A62FE78718AE0A3100F12E3A /* Foundation.framework in Frameworks */,
			);
			runOnlyForDeploymentPostprocessing = 0;
		};
/* End PBXFrameworksBuildPhase section */

/* Begin PBXGroup section */
		A62FE76018AE0A3100F12E3A = {
			isa = PBXGroup;
			children = (
				A62FE79B18AE0A6800F12E3A /* Classes */,
				A62FE77218AE0A3100F12E3A /* KXCollection */,
				A62FE78B18AE0A3100F12E3A /* KXCollectionTests */,
				A62FE76B18AE0A3100F12E3A /* Frameworks */,
				A62FE76A18AE0A3100F12E3A /* Products */,
			);
			sourceTree = "<group>";
		};
		A62FE76A18AE0A3100F12E3A /* Products */ = {
			isa = PBXGroup;
			children = (
				A62FE76918AE0A3100F12E3A /* KXCollection.app */,
				A62FE78418AE0A3100F12E3A /* KXCollectionTests.xctest */,
			);
			name = Products;
			sourceTree = "<group>";
		};
		A62FE76B18AE0A3100F12E3A /* Frameworks */ = {
			isa = PBXGroup;
			children = (
				A62FE76C18AE0A3100F12E3A /* Foundation.framework */,
				A62FE76E18AE0A3100F12E3A /* CoreGraphics.framework */,
				A62FE77018AE0A3100F12E3A /* UIKit.framework */,
				A62FE78518AE0A3100F12E3A /* XCTest.framework */,
			);
			name = Frameworks;
			sourceTree = "<group>";
		};
		A62FE77218AE0A3100F12E3A /* KXCollection */ = {
			isa = PBXGroup;
			children = (
				A62FE77B18AE0A3100F12E3A /* KXAppDelegate.h */,
				A62FE77C18AE0A3100F12E3A /* KXAppDelegate.m */,
				A62FE77E18AE0A3100F12E3A /* Images.xcassets */,
				A62FE77318AE0A3100F12E3A /* Supporting Files */,
			);
			path = KXCollection;
			sourceTree = "<group>";
		};
		A62FE77318AE0A3100F12E3A /* Supporting Files */ = {
			isa = PBXGroup;
			children = (
				A62FE77418AE0A3100F12E3A /* KXCollection-Info.plist */,
				A62FE77518AE0A3100F12E3A /* InfoPlist.strings */,
				A62FE77818AE0A3100F12E3A /* main.m */,
				A62FE77A18AE0A3100F12E3A /* KXCollection-Prefix.pch */,
			);
			name = "Supporting Files";
			sourceTree = "<group>";
		};
		A62FE78B18AE0A3100F12E3A /* KXCollectionTests */ = {
			isa = PBXGroup;
			children = (
				A62FE79118AE0A3100F12E3A /* KXCollectionTests.m */,
				A62FE78C18AE0A3100F12E3A /* Supporting Files */,
			);
			path = KXCollectionTests;
			sourceTree = "<group>";
		};
		A62FE78C18AE0A3100F12E3A /* Supporting Files */ = {
			isa = PBXGroup;
			children = (
				A62FE78D18AE0A3100F12E3A /* KXCollectionTests-Info.plist */,
				A62FE78E18AE0A3100F12E3A /* InfoPlist.strings */,
			);
			name = "Supporting Files";
			sourceTree = "<group>";
		};
		A62FE79B18AE0A6800F12E3A /* Classes */ = {
			isa = PBXGroup;
			children = (
				A62FE79E18AE0A6800F12E3A /* NSOrderedSetAspect.h */,
				A62FE79C18AE0A6800F12E3A /* KXCollection.h */,
				A62FE79D18AE0A6800F12E3A /* KXCollection.m */,
			);
			path = Classes;
			sourceTree = "<group>";
		};
/* End PBXGroup section */

/* Begin PBXNativeTarget section */
		A62FE76818AE0A3100F12E3A /* KXCollection */ = {
			isa = PBXNativeTarget;
			buildConfigurationList = A62FE79518AE0A3100F12E3A /* Build configuration list for PBXNativeTarget "KXCollection" */;
			buildPhases = (
				A62FE76518AE0A3100F12E3A /* Sources */,
				A62FE76618AE0A3100F12E3A /* Frameworks */,
				A62FE76718AE0A3100F12E3A /* Resources */,
			);
			buildRules = (
			);
			dependencies = (
			);
			name = KXCollection;
			productName = KXCollection;
			productReference = A62FE76918AE0A3100F12E3A /* KXCollection.app */;
			productType = "com.apple.product-type.application";
		};
		A62FE78318AE0A3100F12E3A /* KXCollectionTests */ = {
			isa = PBXNativeTarget;
			buildConfigurationList = A62FE79818AE0A3100F12E3A /* Build configuration list for PBXNativeTarget "KXCollectionTests" */;
			buildPhases = (
				A62FE78018AE0A3100F12E3A /* Sources */,
				A62FE78118AE0A3100F12E3A /* Frameworks */,
				A62FE78218AE0A3100F12E3A /* Resources */,
			);
			buildRules = (
			);
			dependencies = (
				A62FE78A18AE0A3100F12E3A /* PBXTargetDependency */,
			);
			name = KXCollectionTests;
			productName = KXCollectionTests;
			productReference = A62FE78418AE0A3100F12E3A /* KXCollectionTests.xctest */;
			productType = "com.apple.product-type.bundle.unit-test";
		};
/* End PBXNativeTarget section */

/* Begin PBXProject section */
		A62FE76118AE0A3100F12E3A /* Project object */ = {
			isa = PBXProject;
			attributes = {
				CLASSPREFIX = KX;
				LastUpgradeCheck = 0500;
				ORGANIZATIONNAME = "Yusuke Sakurai";
				TargetAttributes = {
					A62FE78318AE0A3100F12E3A = {
						TestTargetID = A62FE76818AE0A3100F12E3A;
					};
				};
			};
			buildConfigurationList = A62FE76418AE0A3100F12E3A /* Build configuration list for PBXProject "KXCollection" */;
			compatibilityVersion = "Xcode 3.2";
			developmentRegion = English;
			hasScannedForEncodings = 0;
			knownRegions = (
				en,
			);
			mainGroup = A62FE76018AE0A3100F12E3A;
			productRefGroup = A62FE76A18AE0A3100F12E3A /* Products */;
			projectDirPath = "";
			projectRoot = "";
			targets = (
				A62FE76818AE0A3100F12E3A /* KXCollection */,
				A62FE78318AE0A3100F12E3A /* KXCollectionTests */,
			);
		};
/* End PBXProject section */

/* Begin PBXResourcesBuildPhase section */
		A62FE76718AE0A3100F12E3A /* Resources */ = {
			isa = PBXResourcesBuildPhase;
			buildActionMask = 2147483647;
			files = (
				A62FE77718AE0A3100F12E3A /* InfoPlist.strings in Resources */,
				A62FE77F18AE0A3100F12E3A /* Images.xcassets in Resources */,
			);
			runOnlyForDeploymentPostprocessing = 0;
		};
		A62FE78218AE0A3100F12E3A /* Resources */ = {
			isa = PBXResourcesBuildPhase;
			buildActionMask = 2147483647;
			files = (
				A62FE79018AE0A3100F12E3A /* InfoPlist.strings in Resources */,
			);
			runOnlyForDeploymentPostprocessing = 0;
		};
/* End PBXResourcesBuildPhase section */

/* Begin PBXSourcesBuildPhase section */
		A62FE76518AE0A3100F12E3A /* Sources */ = {
			isa = PBXSourcesBuildPhase;
			buildActionMask = 2147483647;
			files = (
				A62FE77918AE0A3100F12E3A /* main.m in Sources */,
				A62FE79F18AE0A6800F12E3A /* KXCollection.m in Sources */,
				A62FE77D18AE0A3100F12E3A /* KXAppDelegate.m in Sources */,
			);
			runOnlyForDeploymentPostprocessing = 0;
		};
		A62FE78018AE0A3100F12E3A /* Sources */ = {
			isa = PBXSourcesBuildPhase;
			buildActionMask = 2147483647;
			files = (
				A62FE79218AE0A3100F12E3A /* KXCollectionTests.m in Sources */,
			);
			runOnlyForDeploymentPostprocessing = 0;
		};
/* End PBXSourcesBuildPhase section */

/* Begin PBXTargetDependency section */
		A62FE78A18AE0A3100F12E3A /* PBXTargetDependency */ = {
			isa = PBXTargetDependency;
			target = A62FE76818AE0A3100F12E3A /* KXCollection */;
			targetProxy = A62FE78918AE0A3100F12E3A /* PBXContainerItemProxy */;
		};
/* End PBXTargetDependency section */

/* Begin PBXVariantGroup section */
		A62FE77518AE0A3100F12E3A /* InfoPlist.strings */ = {
			isa = PBXVariantGroup;
			children = (
				A62FE77618AE0A3100F12E3A /* en */,
			);
			name = InfoPlist.strings;
			sourceTree = "<group>";
		};
		A62FE78E18AE0A3100F12E3A /* InfoPlist.strings */ = {
			isa = PBXVariantGroup;
			children = (
				A62FE78F18AE0A3100F12E3A /* en */,
			);
			name = InfoPlist.strings;
			sourceTree = "<group>";
		};
/* End PBXVariantGroup section */

/* Begin XCBuildConfiguration section */
		A62FE79318AE0A3100F12E3A /* Debug */ = {
			isa = XCBuildConfiguration;
			buildSettings = {
				ALWAYS_SEARCH_USER_PATHS = NO;
				ARCHS = "$(ARCHS_STANDARD_INCLUDING_64_BIT)";
				CLANG_CXX_LANGUAGE_STANDARD = "gnu++0x";
				CLANG_CXX_LIBRARY = "libc++";
				CLANG_ENABLE_MODULES = YES;
				CLANG_ENABLE_OBJC_ARC = YES;
				CLANG_WARN_BOOL_CONVERSION = YES;
				CLANG_WARN_CONSTANT_CONVERSION = YES;
				CLANG_WARN_DIRECT_OBJC_ISA_USAGE = YES_ERROR;
				CLANG_WARN_EMPTY_BODY = YES;
				CLANG_WARN_ENUM_CONVERSION = YES;
				CLANG_WARN_INT_CONVERSION = YES;
				CLANG_WARN_OBJC_ROOT_CLASS = YES_ERROR;
				CLANG_WARN__DUPLICATE_METHOD_MATCH = YES;
				"CODE_SIGN_IDENTITY[sdk=iphoneos*]" = "iPhone Developer";
				COPY_PHASE_STRIP = NO;
				GCC_C_LANGUAGE_STANDARD = gnu99;
				GCC_DYNAMIC_NO_PIC = NO;
				GCC_OPTIMIZATION_LEVEL = 0;
				GCC_PREPROCESSOR_DEFINITIONS = (
					"DEBUG=1",
					"$(inherited)",
				);
				GCC_SYMBOLS_PRIVATE_EXTERN = NO;
				GCC_WARN_64_TO_32_BIT_CONVERSION = YES;
				GCC_WARN_ABOUT_RETURN_TYPE = YES_ERROR;
				GCC_WARN_UNDECLARED_SELECTOR = YES;
				GCC_WARN_UNINITIALIZED_AUTOS = YES;
				GCC_WARN_UNUSED_FUNCTION = YES;
				GCC_WARN_UNUSED_VARIABLE = YES;
				IPHONEOS_DEPLOYMENT_TARGET = 7.0;
				ONLY_ACTIVE_ARCH = YES;
				SDKROOT = iphoneos;
			};
			name = Debug;
		};
		A62FE79418AE0A3100F12E3A /* Release */ = {
			isa = XCBuildConfiguration;
			buildSettings = {
				ALWAYS_SEARCH_USER_PATHS = NO;
				ARCHS = "$(ARCHS_STANDARD_INCLUDING_64_BIT)";
				CLANG_CXX_LANGUAGE_STANDARD = "gnu++0x";
				CLANG_CXX_LIBRARY = "libc++";
				CLANG_ENABLE_MODULES = YES;
				CLANG_ENABLE_OBJC_ARC = YES;
				CLANG_WARN_BOOL_CONVERSION = YES;
				CLANG_WARN_CONSTANT_CONVERSION = YES;
				CLANG_WARN_DIRECT_OBJC_ISA_USAGE = YES_ERROR;
				CLANG_WARN_EMPTY_BODY = YES;
				CLANG_WARN_ENUM_CONVERSION = YES;
				CLANG_WARN_INT_CONVERSION = YES;
				CLANG_WARN_OBJC_ROOT_CLASS = YES_ERROR;
				CLANG_WARN__DUPLICATE_METHOD_MATCH = YES;
				"CODE_SIGN_IDENTITY[sdk=iphoneos*]" = "iPhone Developer";
				COPY_PHASE_STRIP = YES;
				ENABLE_NS_ASSERTIONS = NO;
				GCC_C_LANGUAGE_STANDARD = gnu99;
				GCC_WARN_64_TO_32_BIT_CONVERSION = YES;
				GCC_WARN_ABOUT_RETURN_TYPE = YES_ERROR;
				GCC_WARN_UNDECLARED_SELECTOR = YES;
				GCC_WARN_UNINITIALIZED_AUTOS = YES;
				GCC_WARN_UNUSED_FUNCTION = YES;
				GCC_WARN_UNUSED_VARIABLE = YES;
				IPHONEOS_DEPLOYMENT_TARGET = 7.0;
				SDKROOT = iphoneos;
				VALIDATE_PRODUCT = YES;
			};
			name = Release;
		};
		A62FE79618AE0A3100F12E3A /* Debug */ = {
			isa = XCBuildConfiguration;
			buildSettings = {
				ASSETCATALOG_COMPILER_APPICON_NAME = AppIcon;
				ASSETCATALOG_COMPILER_LAUNCHIMAGE_NAME = LaunchImage;
				GCC_PRECOMPILE_PREFIX_HEADER = YES;
				GCC_PREFIX_HEADER = "KXCollection/KXCollection-Prefix.pch";
				INFOPLIST_FILE = "KXCollection/KXCollection-Info.plist";
				PRODUCT_NAME = "$(TARGET_NAME)";
				WRAPPER_EXTENSION = app;
			};
			name = Debug;
		};
		A62FE79718AE0A3100F12E3A /* Release */ = {
			isa = XCBuildConfiguration;
			buildSettings = {
				ASSETCATALOG_COMPILER_APPICON_NAME = AppIcon;
				ASSETCATALOG_COMPILER_LAUNCHIMAGE_NAME = LaunchImage;
				GCC_PRECOMPILE_PREFIX_HEADER = YES;
				GCC_PREFIX_HEADER = "KXCollection/KXCollection-Prefix.pch";
				INFOPLIST_FILE = "KXCollection/KXCollection-Info.plist";
				PRODUCT_NAME = "$(TARGET_NAME)";
				WRAPPER_EXTENSION = app;
			};
			name = Release;
		};
		A62FE79918AE0A3100F12E3A /* Debug */ = {
			isa = XCBuildConfiguration;
			buildSettings = {
				ARCHS = "$(ARCHS_STANDARD_INCLUDING_64_BIT)";
				BUNDLE_LOADER = "$(BUILT_PRODUCTS_DIR)/KXCollection.app/KXCollection";
				FRAMEWORK_SEARCH_PATHS = (
					"$(SDKROOT)/Developer/Library/Frameworks",
					"$(inherited)",
					"$(DEVELOPER_FRAMEWORKS_DIR)",
				);
				GCC_PRECOMPILE_PREFIX_HEADER = YES;
				GCC_PREFIX_HEADER = "KXCollection/KXCollection-Prefix.pch";
				GCC_PREPROCESSOR_DEFINITIONS = (
					"DEBUG=1",
					"$(inherited)",
				);
				INFOPLIST_FILE = "KXCollectionTests/KXCollectionTests-Info.plist";
				PRODUCT_NAME = "$(TARGET_NAME)";
				TEST_HOST = "$(BUNDLE_LOADER)";
				WRAPPER_EXTENSION = xctest;
			};
			name = Debug;
		};
		A62FE79A18AE0A3100F12E3A /* Release */ = {
			isa = XCBuildConfiguration;
			buildSettings = {
				ARCHS = "$(ARCHS_STANDARD_INCLUDING_64_BIT)";
				BUNDLE_LOADER = "$(BUILT_PRODUCTS_DIR)/KXCollection.app/KXCollection";
				FRAMEWORK_SEARCH_PATHS = (
					"$(SDKROOT)/Developer/Library/Frameworks",
					"$(inherited)",
					"$(DEVELOPER_FRAMEWORKS_DIR)",
				);
				GCC_PRECOMPILE_PREFIX_HEADER = YES;
				GCC_PREFIX_HEADER = "KXCollection/KXCollection-Prefix.pch";
				INFOPLIST_FILE = "KXCollectionTests/KXCollectionTests-Info.plist";
				PRODUCT_NAME = "$(TARGET_NAME)";
				TEST_HOST = "$(BUNDLE_LOADER)";
				WRAPPER_EXTENSION = xctest;
			};
			name = Release;
		};
/* End XCBuildConfiguration section */

/* Begin XCConfigurationList section */
		A62FE76418AE0A3100F12E3A /* Build configuration list for PBXProject "KXCollection" */ = {
			isa = XCConfigurationList;
			buildConfigurations = (
				A62FE79318AE0A3100F12E3A /* Debug */,
				A62FE79418AE0A3100F12E3A /* Release */,
			);
			defaultConfigurationIsVisible = 0;
			defaultConfigurationName = Release;
		};
		A62FE79518AE0A3100F12E3A /* Build configuration list for PBXNativeTarget "KXCollection" */ = {
			isa = XCConfigurationList;
			buildConfigurations = (
				A62FE79618AE0A3100F12E3A /* Debug */,
				A62FE79718AE0A3100F12E3A /* Release */,
			);
			defaultConfigurationIsVisible = 0;
		};
		A62FE79818AE0A3100F12E3A /* Build configuration list for PBXNativeTarget "KXCollectionTests" */ = {
			isa = XCConfigurationList;
			buildConfigurations = (
				A62FE79918AE0A3100F12E3A /* Debug */,
				A62FE79A18AE0A3100F12E3A /* Release */,
			);
			defaultConfigurationIsVisible = 0;
		};
/* End XCConfigurationList section */
	};
	rootObject = A62FE76118AE0A3100F12E3A /* Project object */;
}
